{
    "_meta": {
        "hash": {
            "sha256": "b32d58dc3f88c2d1dcf9723003194ca2a9b879f90ab946154f7ac3aafb9d5684"
        },
        "host-environment-markers": {
            "implementation_name": "cpython",
            "implementation_version": "3.5.2",
            "os_name": "posix",
            "platform_machine": "x86_64",
            "platform_python_implementation": "CPython",
            "platform_release": "4.10.0-37-generic",
            "platform_system": "Linux",
            "platform_version": "#41~16.04.1-Ubuntu SMP Fri Oct 6 22:42:59 UTC 2017",
            "python_full_version": "3.5.2",
            "python_version": "3.5",
            "sys_platform": "linux"
        },
        "pipfile-spec": 6,
        "requires": {
            "python_version": "3.5"
        },
        "sources": [
            {
                "name": "pypi",
                "url": "https://pypi.python.org/simple",
                "verify_ssl": true
            }
        ]
    },
    "default": {
        "alabaster": {
            "hashes": [
                "sha256:2eef172f44e8d301d25aff8068fddd65f767a3f04b5f15b0f4922f113aa1c732",
                "sha256:37cdcb9e9954ed60912ebc1ca12a9d12178c26637abdf124e3cde2341c257fe0"
            ],
            "version": "==0.7.10"
        },
        "appnope": {
            "hashes": [
                "sha256:5b26757dc6f79a3b7dc9fab95359328d5747fcb2409d331ea66d0272b90ab2a0",
                "sha256:8b995ffe925347a2138d7ac0fe77155e4311a0ea6d6da4f5128fe4b3cbe5ed71"
            ],
            "version": "==0.1.0"
        },
        "babel": {
            "hashes": [
                "sha256:e86ca5a3a6bb64b9bbb62b9dac37225ec0ab5dfaae3c2492ebd648266468042f",
                "sha256:8c98f5e5f8f5f088571f2c6bd88d530e331cbbcb95a7311a0db69d3dca7ec563"
            ],
            "version": "==2.4.0"
        },
        "bleach": {
            "hashes": [
                "sha256:a6d9d5f5b7368c1689ad7f128af8e792beea23393688872b576c0271e6564a16",
                "sha256:b9522130003e4caedf4f00a39c120a906dcd4242329c1c8f621f5370203cbc30"
            ],
            "version": "==2.0.0"
        },
        "colorlover": {
            "hashes": [
                "sha256:f12a091ca2bca29e0e9294a072693bc70d2fafc573bb7c0fc8070099b5de9cb2"
            ],
            "version": "==0.2.1"
        },
        "decorator": {
            "hashes": [
                "sha256:95a26b17806e284452bfd97fa20aa1e8cb4ee23542bda4dbac5e4562aa1642cd",
                "sha256:7cb64d38cb8002971710c8899fbdfb859a23a364b7c99dab19d1f719c2ba16b5"
            ],
            "version": "==4.1.2"
        },
        "docutils": {
            "hashes": [
                "sha256:de454f1015958450b72641165c08afe7023cd7e3944396448f2fb1b0ccba9d77",
                "sha256:cb3ebcb09242804f84bdbf0b26504077a054da6772c6f4d625f335cc53ebf94d",
                "sha256:718c0f5fb677be0f34b781e04241c4067cbd9327b66bdd8e763201130f5175be"
            ],
            "version": "==0.13.1"
        },
        "entrypoints": {
            "hashes": [
                "sha256:10ad569bb245e7e2ba425285b9fa3e8178a0dc92fc53b1e1c553805e15a8825b",
                "sha256:d2d587dde06f99545fb13a383d2cd336a8ff1f359c5839ce3a64c917d10c029f"
            ],
            "version": "==0.2.3"
        },
        "future": {
            "hashes": [
                "sha256:e39ced1ab767b5936646cedba8bcce582398233d6a627067d4c6a454c90cfedb"
            ],
            "version": "==0.16.0"
        },
        "html5lib": {
            "hashes": [
                "sha256:b8934484cf22f1db684c0fae27569a0db404d0208d20163fbf51cc537245d008",
                "sha256:ee747c0ffd3028d2722061936b5c65ee4fe13c8e4613519b4447123fc4546298"
            ],
            "version": "==0.999999999"
        },
        "imagesize": {
            "hashes": [
                "sha256:6ebdc9e0ad188f9d1b2cdd9bc59cbe42bf931875e829e7a595e6b3abdc05cdfb",
                "sha256:0ab2c62b87987e3252f89d30b7cedbec12a01af9274af9ffa48108f2c13c6062"
            ],
            "version": "==0.7.1"
        },
        "ipykernel": {
            "hashes": [
                "sha256:188c786b7d1786b10214aa64089e62bb2ee54dd2aa3d17db5bb39ffacf44b21d",
                "sha256:afe2bebd8b47ac91801f13f26c228897ebd63793e7daa271921fdbc6dd719173",
                "sha256:2e1825aca4e2585b5adb7953ea16e53f53a62159ed49952a564b1e23507205db"
            ],
            "version": "==4.6.1"
        },
        "ipython": {
            "hashes": [
                "sha256:0faac098d0e5a79272d1a8dd95d568c7ae7a823c9b21b1bca5800541aa994e6f",
                "sha256:81b0d6936f87002e6972eccc7e4085f5c2d0673decff22724b53cf34809ffacf"
            ],
            "version": "==6.2.0"
        },
        "ipython-genutils": {
            "hashes": [
                "sha256:72dd37233799e619666c9f639a9da83c34013a73e8bbc79a7a6348d93c61fab8",
                "sha256:eb2e116e75ecef9d4d228fdc66af54269afa26ab4463042e33785b887c628ba8"
            ],
            "version": "==0.2.0"
        },
        "ipywidgets": {
            "hashes": [
                "sha256:3d901e185213c0f7d5cfc665ade3386d26a7dd11f20fbe058e5ab4a464263ec8",
                "sha256:8692b6656c7f492ca3b08441fdd44ac311860282ca5eac7b4f68d1f1cbdef43d"
            ],
            "version": "==7.0.1"
        },
        "jedi": {
            "hashes": [
                "sha256:3af518490ffcd00a3074c135b42511e081575e9abd115c216a34491411ceebb0",
                "sha256:f6d5973573e76b1fd2ea75f6dcd6445d02d41ff3af5fc61b275b4e323d1dd396"
            ],
            "version": "==0.11.0"
        },
        "jinja2": {
            "hashes": [
                "sha256:2231bace0dfd8d2bf1e5d7e41239c06c9e0ded46e70cc1094a0aa64b0afeb054",
                "sha256:ddaa01a212cd6d641401cb01b605f4a4d9f37bfc93043d7f760ec70fb99ff9ff"
            ],
            "version": "==2.9.6"
        },
        "jsonschema": {
            "hashes": [
                "sha256:000e68abd33c972a5248544925a0cae7d1125f9bf6c58280d37546b946769a08",
                "sha256:6ff5f3180870836cae40f06fa10419f557208175f13ad7bc26caa77beb1f6e02"
            ],
            "version": "==2.6.0"
        },
        "jupyter": {
            "hashes": [
                "sha256:5b290f93b98ffbc21c0c7e749f054b3267782166d72fa5e3ed1ed4eaf34a2b78",
                "sha256:d9dc4b3318f310e34c82951ea5d6683f67bed7def4b259fafbfe4f1beb1d8e5f",
                "sha256:3e1f86076bbb7c8c207829390305a2b1fe836d471ed54be66a3b8c41e7f46cc7"
            ],
            "version": "==1.0.0"
        },
        "jupyter-client": {
            "hashes": [
                "sha256:9294519538a2768f2e912dc3d82539b2b6b66d10740595b9f5bef7a8ac3d7c69",
                "sha256:08756b021765c97bc5665390700a4255c2df31666ead8bff116b368d09912aba"
            ],
            "version": "==5.1.0"
        },
        "jupyter-console": {
            "hashes": [
                "sha256:3f928b817fc82cda95e431eb4c2b5eb21be5c483c2b43f424761a966bb808094",
                "sha256:545dedd3aaaa355148093c5609f0229aeb121b4852995c2accfa64fe3e0e55cd"
            ],
            "version": "==5.2.0"
        },
        "jupyter-core": {
            "hashes": [
                "sha256:63218bb5c1c0f3bba25027e1b51cf00a71ce2a1b06d1bb4bbb6e311492790125",
                "sha256:a96b129e1641425bf057c3d46f4f44adce747a7d60107e8ad771045c36514d40"
            ],
            "version": "==4.3.0"
        },
        "markupsafe": {
            "hashes": [
                "sha256:a6be69091dac236ea9c6bc7d012beab42010fa914c459791d627dad4910eb665"
            ],
            "version": "==1.0"
        },
        "mistune": {
            "hashes": [
                "sha256:4ee2350e750acab4c4ae2fb16197f9f27b9a4740e87ed4ad9f7ecdc987bed9bc",
                "sha256:9d21a8ad203c6d7253492518fde7e633c561fecd544301017ab4a5929452955b",
                "sha256:94b9f0c3c7f2bae302009d8bec2bb803daec8879e0ea2102630f5ea7ade2c96b",
                "sha256:8517af9f5cd1857bb83f9a23da75aa516d7538c32a2c5d5c56f3789a9e4cd22f"
            ],
            "version": "==0.7.4"
        },
        "nbconvert": {
            "hashes": [
                "sha256:260d390b989a647575b8ecae2cd06a9eaead10d396733d6e50185d5ebd08996e",
                "sha256:12b1a4671d4463ab73af6e4cbcc965b62254e05d182cd54995dda0d0ef9e2db9"
            ],
            "version": "==5.3.1"
        },
        "nbformat": {
            "hashes": [
                "sha256:b9a0dbdbd45bb034f4f8893cafd6f652ea08c8c1674ba83f2dc55d3955743b0b",
                "sha256:f7494ef0df60766b7cabe0a3651556345a963b74dbc16bc7c18479041170d402"
            ],
            "version": "==4.4.0"
        },
        "notebook": {
            "hashes": [
                "sha256:cf7094e06ab65d7cf8c43fefdf647736ef8a5da880ce4c8f351e10f888aaab9a",
                "sha256:c35fccb55250688303f6ef35c3870f6f5a8df885ff4d9e5cfe1176a87be7fdda"
            ],
            "version": "==5.1.0"
        },
        "numpy": {
            "hashes": [
                "sha256:bf5df5c600b3d798382bb7d050d2ac4345d9f5c1277283a695e36928945f3cfd",
                "sha256:ea8115bb72a0c5d46f2a32dce490dcc27f9bea6c6ab6934df30420c2293e3411",
                "sha256:13acbf9ed3e7eb3691cd4e842804d06bfc5ba48b68b35b7d54addd0246def197",
                "sha256:1ac518945ca78fc54b63bdd30f790ac4d509448d2d26d20e6c1c063b8d9d05fb",
                "sha256:160a3168325fa4ef04cddff168ab9cffd0e579a911fdf8d888dbf06be49d2253",
                "sha256:70dfe7b936f7953f6366fa5bf03f127ec322b737469e97a41b7096af4673051c",
                "sha256:e307978ab4a5f7f3c88c0eadab482249b01bc6dc943e9fc32d6b696c1cd45ea0",
                "sha256:29e3f343b61d009293070bafc1048a8370d0558cb4b0e26f69e71831922c6b31",
                "sha256:249841fd5e211e4ccbeac276a7c794c7ac841e798508fb151dc67559c65941df",
                "sha256:08ca549ac6e4f86a052e8d2d2eddcb00b61e642ddd3ef55b57c4756a06459604",
                "sha256:a8a402599b7e3f193ff97a859fde7f165df4d46d20621d05f535f25a437100e0",
                "sha256:f77965ace763464336a2eb84a2ae14cefb58a6a5ceaa5fab4072308623a6d6e3",
                "sha256:f6a56e2278348395279eedba201d344fd8cc1017c6b4fd6c3d9a08a81efe5dfa",
                "sha256:a0644c0f861c96146a641a160011069b7726791b80aa94791dcf24f0abcb8c09",
                "sha256:de35d0b8ff0c0499ff143c7b408fdb592c5e2e56801e30f992be1d8540ac8b12",
                "sha256:778c8c5f734c47c0292c4df17cc7d5acb4957dd8972793b9c3a6b37a333f4be0",
                "sha256:84cec2549e94dd147a384d60d8ab342309f80c8e099b2325505a202cd3a764a5",
                "sha256:204ffa15185d4b94eaef06d3395bd6ae032fb9db3985a2e3fd758121062021a0",
                "sha256:1595d07b935aac12aa62c27c59ad9e7b7f3072d9576fad18730efabe322ccc3f",
                "sha256:818a09855c5a257aea637c73755806dfec130ecf190130a34bf1546ef69b77e3",
                "sha256:ca9ec2610751628f485a2fc8ca3f31980cb539d7f9477b72273f066640816ca2",
                "sha256:0bcf40e7717bc03d3af614a5bd8b8448f549abc922445e576198de9885547e69",
                "sha256:ff320ecfe41c6581c8981dce892fe6d7e69806459a899e294e4bf8229737b154"
            ],
            "version": "==1.12.0"
        },
        "pandas": {
            "hashes": [
                "sha256:b7bf54959ef3ee82f55b169e3c1d3ba1818f14e876946056e8b8275e99ea69b0",
                "sha256:51fd63166e59ac43d350e7d14857ea4217844a61b20d4c9d089177fcf8614b75",
                "sha256:873532a9a9afe614e7c42bfa0e72a0d97cce1c6f1e5e93f0340f139cf647aad2",
                "sha256:7189ea59e672766da26c81581bd12b91c371c386381b345f28ff19bca69ae5c5",
                "sha256:169873bd846bcfbdb387ae4fc0c324c629edcf92d495e8c498c7fa6b72fc517b",
                "sha256:1667478d6093a15a0564c9eeb03b5ac91de94a147a6b5ad2272674f029e60cf7",
                "sha256:a1aa1fb8b487bda388681dbd1438fa49655bf3f3a2f3e53101d2f65053d1f519",
                "sha256:ffd33b6013e969d6af2b7dd9393770856153f0507afcab0d66e82730509de43e",
                "sha256:08a98b2ffd9214aea0999db7417102d1b2de45b64c4f50a5ed1a50c6c5c3b91b",
                "sha256:a85d07962701184def927d82f216624737ff9f752f00384d3a8397cf5b52e2f8",
                "sha256:f18c85f69025161b8528877b3501b2e5c3b8aa8d87a4a2357f4c08992b206d3a",
                "sha256:60b235fbd26177aff3ff16408e4a8e52e922e5534bdd9df9c501cf919fecd260",
                "sha256:ace3dc64604cb291e7906f83c2f99c495afa13dfbdd51cf82d242004dbe84401",
                "sha256:ea20a1d1aea4344173e31b45ae26c8261288a201e7ab438f9f4f69e41341b58d",
                "sha256:aa256d6c93885bebb93b56bc230115c8c279b65dc94e0d67086f159ab91b1f12",
                "sha256:092514870e4bc7843cbba32327805b1305d26d3cfa700afba88bc33c6093b836",
                "sha256:e740ddc6cafc2d9ae5bb8ff122e0509b5b2249f19b5dd123b375c09380f12064",
                "sha256:6f0f4f598c2b16746803c8bafef7c721c57e4844da752d36240c0acf97658014"
            ],
            "version": "==0.19.2"
        },
        "pandocfilters": {
            "hashes": [
                "sha256:b3dd70e169bb5449e6bc6ff96aea89c5eea8c5f6ab5e207fc2f521a2cf4a0da9"
            ],
            "version": "==1.4.2"
        },
        "parso": {
            "hashes": [
                "sha256:b573acb69f66a970197b5fdbbdfad3b8a417a520e383133b2b4e708f104bfc9a",
                "sha256:c5279916bb417aa2bf634648ff895cf35dce371d7319744884827bfad06f8d7b"
            ],
            "version": "==0.1.0"
        },
        "pexpect": {
            "hashes": [
                "sha256:f853b52afaf3b064d29854771e2db509ef80392509bde2dd7a6ecf2dfc3f0018",
                "sha256:3d132465a75b57aa818341c6521392a06cc660feb3988d7f1074f39bd23c9a92"
            ],
            "version": "==4.2.1"
        },
        "pickleshare": {
            "hashes": [
                "sha256:c9a2541f25aeabc070f12f452e1f2a8eae2abd51e1cd19e8430402bdf4c1d8b5",
                "sha256:84a9257227dfdd6fe1b4be1319096c20eb85ff1e82c7932f36efccfe1b09737b"
            ],
            "version": "==0.7.4"
        },
        "prompt-toolkit": {
            "hashes": [
                "sha256:3f473ae040ddaa52b52f97f6b4a493cfa9f5920c255a12dc56a7d34397a398a4",
                "sha256:1df952620eccb399c53ebb359cc7d9a8d3a9538cb34c5a1344bdbeb29fbcc381",
                "sha256:858588f1983ca497f1cf4ffde01d978a3ea02b01c8a26a8bbc5cd2e66d816917"
            ],
            "version": "==1.0.15"
        },
        "ptyprocess": {
            "hashes": [
                "sha256:e8c43b5eee76b2083a9badde89fd1bbce6c8942d1045146e100b7b5e014f4f1a",
                "sha256:e64193f0047ad603b71f202332ab5527c5e52aa7c8b609704fc28c0dc20c4365"
            ],
            "version": "==0.5.2"
        },
        "py": {
            "hashes": [
                "sha256:81b5e37db3cc1052de438375605fb5d3b3e97f950f415f9143f04697c684d7eb",
                "sha256:1f9a981438f2acc20470b301a07a496375641f902320f70e31916fe3377385a9"
            ],
            "version": "==1.4.33"
        },
        "pygments": {
            "hashes": [
                "sha256:78f3f434bcc5d6ee09020f92ba487f95ba50f1e3ef83ae96b9d5ffa1bab25c5d",
                "sha256:dbae1046def0efb574852fab9e90209b23f556367b5a320c0bcb871c77c3e8cc"
            ],
            "version": "==2.2.0"
        },
        "pyparsing": {
            "hashes": [
                "sha256:fee43f17a9c4087e7ed1605bd6df994c6173c1e977d7ade7b651292fab2bd010",
                "sha256:0832bcf47acd283788593e7a0f542407bd9550a55a8a8435214a1960e04bcb04",
                "sha256:9e8143a3e15c13713506886badd96ca4b579a87fbdf49e550dbfc057d6cb218e",
                "sha256:281683241b25fe9b80ec9d66017485f6deff1af5cde372469134b56ca8447a07",
                "sha256:b8b3117ed9bdf45e14dcc89345ce638ec7e0e29b2b579fa1ecf32ce45ebac8a5",
                "sha256:8f1e18d3fd36c6795bb7e02a39fd05c611ffc2596c1e0d995d34d67630426c18",
                "sha256:e4d45427c6e20a59bf4f88c639dcc03ce30d193112047f94012102f235853a58"
            ],
            "version": "==2.2.0"
        },
        "pytest": {
            "hashes": [
                "sha256:66f332ae62593b874a648b10a8cb106bfdacd2c6288ed7dec3713c3a808a6017",
                "sha256:b70696ebd1a5e6b627e7e3ac1365a4bc60aaf3495e843c1e70448966c5224cab"
            ],
            "version": "==3.0.7"
        },
        "python-dateutil": {
            "hashes": [
                "sha256:95511bae634d69bc7329ba55e646499a842bc4ec342ad54a8cdb65645a0aad3c",
                "sha256:891c38b2a02f5bb1be3e4793866c8df49c7d19baabf9c1bad62547e0b4866aca"
            ],
            "version": "==2.6.1"
        },
        "python-highcharts": {
            "hashes": [
                "sha256:8a37f4e4bfb3b95b53cc9857a9a45c14116142160dd932d22fb5e4dc65333ff5"
            ],
            "version": "==0.3.1"
        },
        "pytz": {
            "hashes": [
                "sha256:c9bd582ebc202972182dc254541c7bd29195648d798feaffb0480fb679c347ec",
                "sha256:a707e2a9c825aa5b4798f2368dc65a85966ccd6a2a42e14fc93364c614bc0e77",
                "sha256:25a1432f18051c5f8b00419795bbd824ad2c02a948c48adf785b0bb8e74fbbb4",
                "sha256:7d94af5a3ee62616da36f4a5d0138bbfb1cd52d987a8274c45e0c78167837e17",
                "sha256:a1ea35e87a63c7825846d5b5c81d23d668e8a102d3b1b465ce95afe1b3a2e065",
                "sha256:dc221460e0264cb274fbb328936f509ba53d912669cb9ef6244e434c910be138",
                "sha256:4c6f3e3f2e8bcd49bbb0f6031f77c3a99a54733ad330cb022d64cf406cf1bcb2",
                "sha256:44daacdf5bb50c1fa3bc2b6c4c1f5afd78217e1478fe10585fc7ce5e383b6669",
                "sha256:40c443019f389a93055d2c43a6a425aa10fd0047506e95747197a5a0423e58f8",
                "sha256:c6fc91277aafa1031f9acddb701298549b96fa5ccc621f61425ca98d15f5935c",
                "sha256:7016b2c4fa075c564b81c37a252a5fccf60d8964aa31b7f5eae59aeb594ae02b",
                "sha256:9a43e20aa537cfad8fe7a1715165c91cb4a6935d40947f2d070e4c80f2dcd22b",
                "sha256:aafbf066975fe217ed49d7d197b26903d3b43e9ca2aa6ba0a211081f13c41917"
            ],
            "version": "==2016.10"
        },
        "pyzmq": {
            "hashes": [
                "sha256:bf5b68eb52acb511be3e0612758a3fddb8c2557a4b49572615886721a5ec34a3",
                "sha256:f1cf9d6851889adbfc287de48869383b5d413ee8ef6273367640917fa9d0be84",
                "sha256:9c14fb9ebdb040fa73ef1bb1c240fdd4b43f04c3d2a28c1564e73af9a8afa152",
                "sha256:9e514b6b5347e71b626b92fb0bcd58d81e1448b6fd1b4f39287636018db3aa44",
                "sha256:5c50b4cbfa563bddccc2e1cc994c6d20cb3d2f2d97927e69c87414c317a12f9c",
                "sha256:9d1732a096da76c3c9c9b38ee819cd4857a827d136dc3362078f5c86246fe80a",
                "sha256:a0427e1c7792fd157bde2655148f2ece65ce5ae7d9deb040c42b28efba1494e6",
                "sha256:2c8e3137e5e67be5d65cf487ca81980f39179eea166016377d4b075ae4894537",
                "sha256:00e76f45ceb31f905b49a8690da36de4087009b876d3b17318b46c0bf9c4f208",
                "sha256:ad1930709bc5ff9f86e63fe429a4f99e5ddfb75b006463bafbfd024cb0d74c63",
                "sha256:9baa6b3d0c415c0ce1b4abe794e41605e7076b2aeb7b48d71784bbf648125103",
                "sha256:b650147d98c92cf21c3d9896d5a03fa62f5f16a7bcdb7283c74a0b85c3f2fb86",
                "sha256:868bfb8dc6b95c45ce9319f10b2e6c71f600f860783fd060fa0d8242d3f84c05",
                "sha256:2f1c5cde08368d259831b26b27e8ed1d2667238cf2e6797dd72494a8a12af136",
                "sha256:92039c0095fcadcc6baa8de5eabfd65c42c48b3f6a49f62a38660e45c4de9a84",
                "sha256:d3f3b5fd31b662f0c6543e859c2710ac176bb00e3ead0284a86db9d2da24d4c4",
                "sha256:9b0ab561b70e85ed7dff038ea59bf69e88fe5e65cb0af49c1cfa258b5d855953",
                "sha256:39f78f422730d0447e612bd0f00f02ecd84dffa8b6bebb0aca8ae8c2f01ff17d",
                "sha256:d52995526a82a0e3d89cbba0b53c13e8223a003b40913fdf7d577ebc92ecc106",
                "sha256:7722af57f44a8b12d14047b594d67ba92e3faaed2b44ad0e62adb08a3335cd61",
                "sha256:3c3471d3fd9212aff0109d9bf7825bafed9731afc57b583bc655217852a20ac1",
                "sha256:0322543fff5ab6f87d11a8a099c4c07dd8a1719040084b6ce9162bcdf5c45c9d"
            ],
            "version": "==16.0.2"
        },
        "qtconsole": {
            "hashes": [
                "sha256:b3d10314cbaad76c3157cf922eb410812cde472e8e7c6bd3d5a92d30145bcde1",
                "sha256:eff8c2faeda567a0bef5781f419a64e9977988db101652b312b9d74ec0a5109c"
            ],
            "version": "==4.3.1"
        },
        "requests": {
            "hashes": [
                "sha256:545c4855cd9d7c12671444326337013766f4eea6068c3f0307fb2dc2696d580e",
                "sha256:5acf980358283faba0b897c73959cecf8b841205bb4b2ad3ef545f46eae1a133"
            ],
            "version": "==2.11.1"
        },
        "simplegeneric": {
            "hashes": [
                "sha256:dc972e06094b9af5b855b3df4a646395e43d1c9d0d39ed345b7393560d0b9173"
            ],
            "version": "==0.8.1"
        },
        "six": {
            "hashes": [
                "sha256:832dc0e10feb1aa2c68dcc57dbb658f1c7e65b9b61af69048abc87a2db00a0eb",
                "sha256:70e8a77beed4562e7f14fe23a786b54f6296e34344c23bc42f07b15018ff98e9"
            ],
            "version": "==1.11.0"
        },
        "snowballstemmer": {
            "hashes": [
                "sha256:9f3bcd3c401c3e862ec0ebe6d2c069ebc012ce142cce209c098ccb5b09136e89",
                "sha256:919f26a68b2c17a7634da993d91339e288964f93c274f1343e3bbbe2096e1128"
            ],
            "version": "==1.2.1"
        },
        "sphinx": {
            "hashes": [
                "sha256:11f271e7a9398385ed730e90f0bb41dc3815294bdcd395b46ed2d033bc2e7d87",
                "sha256:4064ea6c56feeb268838cb8fbbee507d0c3d5d92fa63a7df935a916b52c9e2f5"
            ],
            "version": "==1.5.5"
        },
        "terminado": {
            "hashes": [
                "sha256:2c0ba1f624067dccaaead7d2247cfe029806355cef124dc2ccb53c83229f0126"
            ],
            "version": "==0.6"
        },
        "testpath": {
            "hashes": [
                "sha256:039fa6a6c9fd3488f8336d23aebbfead5fa602c4a47d49d83845f55a595ec1b4",
                "sha256:0d5337839c788da5900df70f8e01015aec141aa3fe7936cb0d0a2953f7ac7609"
            ],
            "version": "==0.3.1"
        },
        "tornado": {
            "hashes": [
                "sha256:62a5d4c66bf4e86d25a02e9de97293860b59e61f9c465e80336ba0fc308aacf6",
                "sha256:f109c066411c44bcd3bc877267b45feb8e29092ede59dd0582739444c2344b00",
                "sha256:e66f47db4753c6f6849af1f82f04bdc7d2c1f5d64b7cc11ddd17230295c8887f",
                "sha256:2b40720a7b164848ca5c51fab0feac7e3717adcb87bec77f81f7809b72bf7f56",
                "sha256:1fb8e494cd46c674d86fac5885a3ff87b0e283937a47d74eb3c02a48c9e89ad0"
            ],
            "version": "==4.5.2"
        },
        "traitlets": {
            "hashes": [
                "sha256:c6cb5e6f57c5a9bdaa40fa71ce7b4af30298fbab9ece9815b5d995ab6217c7d9",
                "sha256:9c4bd2d267b7153df9152698efb1050a5d84982d3384a37b2c1f7723ba3e7835"
            ],
            "version": "==4.3.2"
        },
        "wcwidth": {
            "hashes": [
                "sha256:f4ebe71925af7b40a864553f761ed559b43544f8f71746c2d756c7fe788ade7c",
                "sha256:3df37372226d6e63e1b1e1eda15c594bca98a22d33a23832a90998faa96bc65e"
            ],
            "version": "==0.1.7"
        },
        "webencodings": {
            "hashes": [
                "sha256:a0af1213f3c2226497a97e2b3aa01a7e4bee4f403f95be16fc9acd2947514a78",
                "sha256:b36a1c245f2d304965eb4e0a82848379241dc04b865afcc4aab16748587e1923"
            ],
            "version": "==0.5.1"
        },
        "widgetsnbextension": {
            "hashes": [
                "sha256:8230e139fc70b7f1a98ce80de626182742a804fb6b3543b8ac0189b91e45255b",
                "sha256:ed242439c6407a7a9dc1aaa208198a93ef749ed1f930eba2b94ea94d49cabaa6"
            ],
            "version": "==3.0.3"
        }
    },
    "develop": {}
}
